
Microsoft Visual Studio Solution File, Format Version 12.00
# Visual Studio Version 17
VisualStudioVersion = 17.14.36408.4
MinimumVisualStudioVersion = 10.0.40219.1
Project("{FAE04EC0-301F-11D3-BF4B-00C04F79EFBC}") = "GeometriaModels", "GeometriaModels\GeometriaModels.csproj", "{850CF447-2611-4E43-8DE2-1ACE77E1F097}"
EndProject
Project("{FAE04EC0-301F-11D3-BF4B-00C04F79EFBC}") = "GeometriaDesktop", "GeometriaDesktop\GeometriaDesktop.csproj", "{266EE499-5BA2-473E-9399-047131E3C155}"
EndProject
Global
	GlobalSection(SolutionConfigurationPlatforms) = preSolution
		Debug|Any CPU = Debug|Any CPU
		Release|Any CPU = Release|Any CPU
	EndGlobalSection
	GlobalSection(ProjectConfigurationPlatforms) = postSolution
		{850CF447-2611-4E43-8DE2-1ACE77E1F097}.Debug|Any CPU.ActiveCfg = Debug|Any CPU
		{850CF447-2611-4E43-8DE2-1ACE77E1F097}.Debug|Any CPU.Build.0 = Debug|Any CPU
		{850CF447-2611-4E43-8DE2-1ACE77E1F097}.Release|Any CPU.ActiveCfg = Release|Any CPU
		{850CF447-2611-4E43-8DE2-1ACE77E1F097}.Release|Any CPU.Build.0 = Release|Any CPU
		{266EE499-5BA2-473E-9399-047131E3C155}.Debug|Any CPU.ActiveCfg = Debug|Any CPU
		{266EE499-5BA2-473E-9399-047131E3C155}.Debug|Any CPU.Build.0 = Debug|Any CPU
		{266EE499-5BA2-473E-9399-047131E3C155}.Release|Any CPU.ActiveCfg = Release|Any CPU
		{266EE499-5BA2-473E-9399-047131E3C155}.Release|Any CPU.Build.0 = Release|Any CPU
	EndGlobalSection
	GlobalSection(SolutionProperties) = preSolution
		HideSolutionNode = FALSE
	EndGlobalSection
	GlobalSection(ExtensibilityGlobals) = postSolution
		SolutionGuid = {A4CD7314-1C84-4BB1-9159-C543FC405176}
	EndGlobalSection
EndGlobal
